
Microsoft Visual Studio Solution File, Format Version 12.00
# Visual Studio Version 16
VisualStudioVersion = 16.0.28407.52
MinimumVisualStudioVersion = 10.0.40219.1
Project("{FAE04EC0-301F-11D3-BF4B-00C04F79EFBC}") = "Szamok1", "Szamok1\Szamok1.csproj", "{67FF95F4-6124-45F7-8194-E4A99E487B67}"
EndProject
Global
	GlobalSection(SolutionConfigurationPlatforms) = preSolution
		Debug|Any CPU = Debug|Any CPU
		Release|Any CPU = Release|Any CPU
	EndGlobalSection
	GlobalSection(ProjectConfigurationPlatforms) = postSolution
		{67FF95F4-6124-45F7-8194-E4A99E487B67}.Debug|Any CPU.ActiveCfg = Debug|Any CPU
		{67FF95F4-6124-45F7-8194-E4A99E487B67}.Debug|Any CPU.Build.0 = Debug|Any CPU
		{67FF95F4-6124-45F7-8194-E4A99E487B67}.Release|Any CPU.ActiveCfg = Release|Any CPU
		{67FF95F4-6124-45F7-8194-E4A99E487B67}.Release|Any CPU.Build.0 = Release|Any CPU
	EndGlobalSection
	GlobalSection(SolutionProperties) = preSolution
		HideSolutionNode = FALSE
	EndGlobalSection
	GlobalSection(ExtensibilityGlobals) = postSolution
		SolutionGuid = {F96D4CB7-EBD4-4A56-9E88-D5C45BF576E4}
	EndGlobalSection
EndGlobal
